
Microsoft Visual Studio Solution File, Format Version 12.00
# Visual Studio Version 16
VisualStudioVersion = 16.0.29905.134
MinimumVisualStudioVersion = 10.0.40219.1
Project("{FAE04EC0-301F-11D3-BF4B-00C04F79EFBC}") = "NetflixWPF", "NetflixWPF\NetflixWPF.csproj", "{BF21CB16-3A56-4442-9927-00341CBF54F8}"
EndProject
Global
	GlobalSection(SolutionConfigurationPlatforms) = preSolution
		Debug|Any CPU = Debug|Any CPU
		Release|Any CPU = Release|Any CPU
	EndGlobalSection
	GlobalSection(ProjectConfigurationPlatforms) = postSolution
		{BF21CB16-3A56-4442-9927-00341CBF54F8}.Debug|Any CPU.ActiveCfg = Debug|Any CPU
		{BF21CB16-3A56-4442-9927-00341CBF54F8}.Debug|Any CPU.Build.0 = Debug|Any CPU
		{BF21CB16-3A56-4442-9927-00341CBF54F8}.Release|Any CPU.ActiveCfg = Release|Any CPU
		{BF21CB16-3A56-4442-9927-00341CBF54F8}.Release|Any CPU.Build.0 = Release|Any CPU
	EndGlobalSection
	GlobalSection(SolutionProperties) = preSolution
		HideSolutionNode = FALSE
	EndGlobalSection
	GlobalSection(ExtensibilityGlobals) = postSolution
		SolutionGuid = {B7056813-63BD-4497-BF3F-A00C2E84E6FD}
	EndGlobalSection
EndGlobal
